
Microsoft Visual Studio Solution File, Format Version 12.00
# Visual Studio Version 16
VisualStudioVersion = 16.0.29409.12
MinimumVisualStudioVersion = 10.0.40219.1
Project("{FAE04EC0-301F-11D3-BF4B-00C04F79EFBC}") = "GTKYCM Lab", "GTKYCM Lab\GTKYCM Lab.csproj", "{70359CC6-5625-4627-97A5-5BDEC5F01572}"
EndProject
Global
	GlobalSection(SolutionConfigurationPlatforms) = preSolution
		Debug|Any CPU = Debug|Any CPU
		Release|Any CPU = Release|Any CPU
	EndGlobalSection
	GlobalSection(ProjectConfigurationPlatforms) = postSolution
		{70359CC6-5625-4627-97A5-5BDEC5F01572}.Debug|Any CPU.ActiveCfg = Debug|Any CPU
		{70359CC6-5625-4627-97A5-5BDEC5F01572}.Debug|Any CPU.Build.0 = Debug|Any CPU
		{70359CC6-5625-4627-97A5-5BDEC5F01572}.Release|Any CPU.ActiveCfg = Release|Any CPU
		{70359CC6-5625-4627-97A5-5BDEC5F01572}.Release|Any CPU.Build.0 = Release|Any CPU
	EndGlobalSection
	GlobalSection(SolutionProperties) = preSolution
		HideSolutionNode = FALSE
	EndGlobalSection
	GlobalSection(ExtensibilityGlobals) = postSolution
		SolutionGuid = {B2652488-9E74-4734-ABE9-069ADB73A576}
	EndGlobalSection
EndGlobal
